// !$*UTF8*$!
{
	archiveVersion = 1;
	classes = {
	};
	objectVersion = 77;
	objects = {

/* Begin PBXContainerItemProxy section */
		55A491472D0572F000554490 /* PBXContainerItemProxy */ = {
			isa = PBXContainerItemProxy;
			containerPortal = 55A4912E2D0572ED00554490 /* Project object */;
			proxyType = 1;
			remoteGlobalIDString = 55A491352D0572ED00554490;
			remoteInfo = "iOS Spotify Assignment";
		};
		55A491512D0572F000554490 /* PBXContainerItemProxy */ = {
			isa = PBXContainerItemProxy;
			containerPortal = 55A4912E2D0572ED00554490 /* Project object */;
			proxyType = 1;
			remoteGlobalIDString = 55A491352D0572ED00554490;
			remoteInfo = "iOS Spotify Assignment";
		};
/* End PBXContainerItemProxy section */

/* Begin PBXFileReference section */
		55A491362D0572ED00554490 /* iOS Spotify Assignment.app */ = {isa = PBXFileReference; explicitFileType = wrapper.application; includeInIndex = 0; path = "iOS Spotify Assignment.app"; sourceTree = BUILT_PRODUCTS_DIR; };
		55A491462D0572F000554490 /* iOS Spotify AssignmentTests.xctest */ = {isa = PBXFileReference; explicitFileType = wrapper.cfbundle; includeInIndex = 0; path = "iOS Spotify AssignmentTests.xctest"; sourceTree = BUILT_PRODUCTS_DIR; };
		55A491502D0572F000554490 /* iOS Spotify AssignmentUITests.xctest */ = {isa = PBXFileReference; explicitFileType = wrapper.cfbundle; includeInIndex = 0; path = "iOS Spotify AssignmentUITests.xctest"; sourceTree = BUILT_PRODUCTS_DIR; };
/* End PBXFileReference section */

/* Begin PBXFileSystemSynchronizedRootGroup section */
		55A491382D0572ED00554490 /* iOS Spotify Assignment */ = {
			isa = PBXFileSystemSynchronizedRootGroup;
			path = "iOS Spotify Assignment";
			sourceTree = "<group>";
		};
		55A491492D0572F000554490 /* iOS Spotify AssignmentTests */ = {
			isa = PBXFileSystemSynchronizedRootGroup;
			path = "iOS Spotify AssignmentTests";
			sourceTree = "<group>";
		};
		55A491532D0572F000554490 /* iOS Spotify AssignmentUITests */ = {
			isa = PBXFileSystemSynchronizedRootGroup;
			path = "iOS Spotify AssignmentUITests";
			sourceTree = "<group>";
		};
/* End PBXFileSystemSynchronizedRootGroup section */

/* Begin PBXFrameworksBuildPhase section */
		55A491332D0572ED00554490 /* Frameworks */ = {
			isa = PBXFrameworksBuildPhase;
			buildActionMask = 2147483647;
			files = (
			);
			runOnlyForDeploymentPostprocessing = 0;
		};
		55A491432D0572F000554490 /* Frameworks */ = {
			isa = PBXFrameworksBuildPhase;
			buildActionMask = 2147483647;
			files = (
			);
			runOnlyForDeploymentPostprocessing = 0;
		};
		55A4914D2D0572F000554490 /* Frameworks */ = {
			isa = PBXFrameworksBuildPhase;
			buildActionMask = 2147483647;
			files = (
			);
			runOnlyForDeploymentPostprocessing = 0;
		};
/* End PBXFrameworksBuildPhase section */

/* Begin PBXGroup section */
		55A4912D2D0572ED00554490 = {
			isa = PBXGroup;
			children = (
				55A491382D0572ED00554490 /* iOS Spotify Assignment */,
				55A491492D0572F000554490 /* iOS Spotify AssignmentTests */,
				55A491532D0572F000554490 /* iOS Spotify AssignmentUITests */,
				55A491372D0572ED00554490 /* Products */,
			);
			sourceTree = "<group>";
		};
		55A491372D0572ED00554490 /* Products */ = {
			isa = PBXGroup;
			children = (
				55A491362D0572ED00554490 /* iOS Spotify Assignment.app */,
				55A491462D0572F000554490 /* iOS Spotify AssignmentTests.xctest */,
				55A491502D0572F000554490 /* iOS Spotify AssignmentUITests.xctest */,
			);
			name = Products;
			sourceTree = "<group>";
		};
/* End PBXGroup section */

/* Begin PBXNativeTarget section */
		55A491352D0572ED00554490 /* iOS Spotify Assignment */ = {
			isa = PBXNativeTarget;
			buildConfigurationList = 55A4915A2D0572F000554490 /* Build configuration list for PBXNativeTarget "iOS Spotify Assignment" */;
			buildPhases = (
				55A491322D0572ED00554490 /* Sources */,
				55A491332D0572ED00554490 /* Frameworks */,
				55A491342D0572ED00554490 /* Resources */,
			);
			buildRules = (
			);
			dependencies = (
			);
			fileSystemSynchronizedGroups = (
				55A491382D0572ED00554490 /* iOS Spotify Assignment */,
			);
			name = "iOS Spotify Assignment";
			packageProductDependencies = (
			);
			productName = "iOS Spotify Assignment";
			productReference = 55A491362D0572ED00554490 /* iOS Spotify Assignment.app */;
			productType = "com.apple.product-type.application";
		};
		55A491452D0572F000554490 /* iOS Spotify AssignmentTests */ = {
			isa = PBXNativeTarget;
			buildConfigurationList = 55A4915D2D0572F000554490 /* Build configuration list for PBXNativeTarget "iOS Spotify AssignmentTests" */;
			buildPhases = (
				55A491422D0572F000554490 /* Sources */,
				55A491432D0572F000554490 /* Frameworks */,
				55A491442D0572F000554490 /* Resources */,
			);
			buildRules = (
			);
			dependencies = (
				55A491482D0572F000554490 /* PBXTargetDependency */,
			);
			fileSystemSynchronizedGroups = (
				55A491492D0572F000554490 /* iOS Spotify AssignmentTests */,
			);
			name = "iOS Spotify AssignmentTests";
			packageProductDependencies = (
			);
			productName = "iOS Spotify AssignmentTests";
			productReference = 55A491462D0572F000554490 /* iOS Spotify AssignmentTests.xctest */;
			productType = "com.apple.product-type.bundle.unit-test";
		};
		55A4914F2D0572F000554490 /* iOS Spotify AssignmentUITests */ = {
			isa = PBXNativeTarget;
			buildConfigurationList = 55A491602D0572F000554490 /* Build configuration list for PBXNativeTarget "iOS Spotify AssignmentUITests" */;
			buildPhases = (
				55A4914C2D0572F000554490 /* Sources */,
				55A4914D2D0572F000554490 /* Frameworks */,
				55A4914E2D0572F000554490 /* Resources */,
			);
			buildRules = (
			);
			dependencies = (
				55A491522D0572F000554490 /* PBXTargetDependency */,
			);
			fileSystemSynchronizedGroups = (
				55A491532D0572F000554490 /* iOS Spotify AssignmentUITests */,
			);
			name = "iOS Spotify AssignmentUITests";
			packageProductDependencies = (
			);
			productName = "iOS Spotify AssignmentUITests";
			productReference = 55A491502D0572F000554490 /* iOS Spotify AssignmentUITests.xctest */;
			productType = "com.apple.product-type.bundle.ui-testing";
		};
/* End PBXNativeTarget section */

/* Begin PBXProject section */
		55A4912E2D0572ED00554490 /* Project object */ = {
			isa = PBXProject;
			attributes = {
				BuildIndependentTargetsInParallel = 1;
				LastSwiftUpdateCheck = 1610;
				LastUpgradeCheck = 1610;
				TargetAttributes = {
					55A491352D0572ED00554490 = {
						CreatedOnToolsVersion = 16.1;
					};
					55A491452D0572F000554490 = {
						CreatedOnToolsVersion = 16.1;
						TestTargetID = 55A491352D0572ED00554490;
					};
					55A4914F2D0572F000554490 = {
						CreatedOnToolsVersion = 16.1;
						TestTargetID = 55A491352D0572ED00554490;
					};
				};
			};
			buildConfigurationList = 55A491312D0572ED00554490 /* Build configuration list for PBXProject "iOS Spotify Assignment" */;
			developmentRegion = en;
			hasScannedForEncodings = 0;
			knownRegions = (
				en,
				Base,
			);
			mainGroup = 55A4912D2D0572ED00554490;
			minimizedProjectReferenceProxies = 1;
			preferredProjectObjectVersion = 77;
			productRefGroup = 55A491372D0572ED00554490 /* Products */;
			projectDirPath = "";
			projectRoot = "";
			targets = (
				55A491352D0572ED00554490 /* iOS Spotify Assignment */,
				55A491452D0572F000554490 /* iOS Spotify AssignmentTests */,
				55A4914F2D0572F000554490 /* iOS Spotify AssignmentUITests */,
			);
		};
/* End PBXProject section */

/* Begin PBXResourcesBuildPhase section */
		55A491342D0572ED00554490 /* Resources */ = {
			isa = PBXResourcesBuildPhase;
			buildActionMask = 2147483647;
			files = (
			);
			runOnlyForDeploymentPostprocessing = 0;
		};
		55A491442D0572F000554490 /* Resources */ = {
			isa = PBXResourcesBuildPhase;
			buildActionMask = 2147483647;
			files = (
			);
			runOnlyForDeploymentPostprocessing = 0;
		};
		55A4914E2D0572F000554490 /* Resources */ = {
			isa = PBXResourcesBuildPhase;
			buildActionMask = 2147483647;
			files = (
			);
			runOnlyForDeploymentPostprocessing = 0;
		};
/* End PBXResourcesBuildPhase section */

/* Begin PBXSourcesBuildPhase section */
		55A491322D0572ED00554490 /* Sources */ = {
			isa = PBXSourcesBuildPhase;
			buildActionMask = 2147483647;
			files = (
			);
			runOnlyForDeploymentPostprocessing = 0;
		};
		55A491422D0572F000554490 /* Sources */ = {
			isa = PBXSourcesBuildPhase;
			buildActionMask = 2147483647;
			files = (
			);
			runOnlyForDeploymentPostprocessing = 0;
		};
		55A4914C2D0572F000554490 /* Sources */ = {
			isa = PBXSourcesBuildPhase;
			buildActionMask = 2147483647;
			files = (
			);
			runOnlyForDeploymentPostprocessing = 0;
		};
/* End PBXSourcesBuildPhase section */

/* Begin PBXTargetDependency section */
		55A491482D0572F000554490 /* PBXTargetDependency */ = {
			isa = PBXTargetDependency;
			target = 55A491352D0572ED00554490 /* iOS Spotify Assignment */;
			targetProxy = 55A491472D0572F000554490 /* PBXContainerItemProxy */;
		};
		55A491522D0572F000554490 /* PBXTargetDependency */ = {
			isa = PBXTargetDependency;
			target = 55A491352D0572ED00554490 /* iOS Spotify Assignment */;
			targetProxy = 55A491512D0572F000554490 /* PBXContainerItemProxy */;
		};
/* End PBXTargetDependency section */

/* Begin XCBuildConfiguration section */
		55A491582D0572F000554490 /* Debug */ = {
			isa = XCBuildConfiguration;
			buildSettings = {
				ALWAYS_SEARCH_USER_PATHS = NO;
				ASSETCATALOG_COMPILER_GENERATE_SWIFT_ASSET_SYMBOL_EXTENSIONS = YES;
				CLANG_ANALYZER_NONNULL = YES;
				CLANG_ANALYZER_NUMBER_OBJECT_CONVERSION = YES_AGGRESSIVE;
				CLANG_CXX_LANGUAGE_STANDARD = "gnu++20";
				CLANG_ENABLE_MODULES = YES;
				CLANG_ENABLE_OBJC_ARC = YES;
				CLANG_ENABLE_OBJC_WEAK = YES;
				CLANG_WARN_BLOCK_CAPTURE_AUTORELEASING = YES;
				CLANG_WARN_BOOL_CONVERSION = YES;
				CLANG_WARN_COMMA = YES;
				CLANG_WARN_CONSTANT_CONVERSION = YES;
				CLANG_WARN_DEPRECATED_OBJC_IMPLEMENTATIONS = YES;
				CLANG_WARN_DIRECT_OBJC_ISA_USAGE = YES_ERROR;
				CLANG_WARN_DOCUMENTATION_COMMENTS = YES;
				CLANG_WARN_EMPTY_BODY = YES;
				CLANG_WARN_ENUM_CONVERSION = YES;
				CLANG_WARN_INFINITE_RECURSION = YES;
				CLANG_WARN_INT_CONVERSION = YES;
				CLANG_WARN_NON_LITERAL_NULL_CONVERSION = YES;
				CLANG_WARN_OBJC_IMPLICIT_RETAIN_SELF = YES;
				CLANG_WARN_OBJC_LITERAL_CONVERSION = YES;
				CLANG_WARN_OBJC_ROOT_CLASS = YES_ERROR;
				CLANG_WARN_QUOTED_INCLUDE_IN_FRAMEWORK_HEADER = YES;
				CLANG_WARN_RANGE_LOOP_ANALYSIS = YES;
				CLANG_WARN_STRICT_PROTOTYPES = YES;
				CLANG_WARN_SUSPICIOUS_MOVE = YES;
				CLANG_WARN_UNGUARDED_AVAILABILITY = YES_AGGRESSIVE;
				CLANG_WARN_UNREACHABLE_CODE = YES;
				CLANG_WARN__DUPLICATE_METHOD_MATCH = YES;
				COPY_PHASE_STRIP = NO;
				DEBUG_INFORMATION_FORMAT = dwarf;
				ENABLE_STRICT_OBJC_MSGSEND = YES;
				ENABLE_TESTABILITY = YES;
				ENABLE_USER_SCRIPT_SANDBOXING = YES;
				GCC_C_LANGUAGE_STANDARD = gnu17;
				GCC_DYNAMIC_NO_PIC = NO;
				GCC_NO_COMMON_BLOCKS = YES;
				GCC_OPTIMIZATION_LEVEL = 0;
				GCC_PREPROCESSOR_DEFINITIONS = (
					"DEBUG=1",
					"$(inherited)",
				);
				GCC_WARN_64_TO_32_BIT_CONVERSION = YES;
				GCC_WARN_ABOUT_RETURN_TYPE = YES_ERROR;
				GCC_WARN_UNDECLARED_SELECTOR = YES;
				GCC_WARN_UNINITIALIZED_AUTOS = YES_AGGRESSIVE;
				GCC_WARN_UNUSED_FUNCTION = YES;
				GCC_WARN_UNUSED_VARIABLE = YES;
				IPHONEOS_DEPLOYMENT_TARGET = 18.1;
				LOCALIZATION_PREFERS_STRING_CATALOGS = YES;
				MTL_ENABLE_DEBUG_INFO = INCLUDE_SOURCE;
				MTL_FAST_MATH = YES;
				ONLY_ACTIVE_ARCH = YES;
				SDKROOT = iphoneos;
				SWIFT_ACTIVE_COMPILATION_CONDITIONS = "DEBUG $(inherited)";
				SWIFT_OPTIMIZATION_LEVEL = "-Onone";
			};
			name = Debug;
		};
		55A491592D0572F000554490 /* Release */ = {
			isa = XCBuildConfiguration;
			buildSettings = {
				ALWAYS_SEARCH_USER_PATHS = NO;
				ASSETCATALOG_COMPILER_GENERATE_SWIFT_ASSET_SYMBOL_EXTENSIONS = YES;
				CLANG_ANALYZER_NONNULL = YES;
				CLANG_ANALYZER_NUMBER_OBJECT_CONVERSION = YES_AGGRESSIVE;
				CLANG_CXX_LANGUAGE_STANDARD = "gnu++20";
				CLANG_ENABLE_MODULES = YES;
				CLANG_ENABLE_OBJC_ARC = YES;
				CLANG_ENABLE_OBJC_WEAK = YES;
				CLANG_WARN_BLOCK_CAPTURE_AUTORELEASING = YES;
				CLANG_WARN_BOOL_CONVERSION = YES;
				CLANG_WARN_COMMA = YES;
				CLANG_WARN_CONSTANT_CONVERSION = YES;
				CLANG_WARN_DEPRECATED_OBJC_IMPLEMENTATIONS = YES;
				CLANG_WARN_DIRECT_OBJC_ISA_USAGE = YES_ERROR;
				CLANG_WARN_DOCUMENTATION_COMMENTS = YES;
				CLANG_WARN_EMPTY_BODY = YES;
				CLANG_WARN_ENUM_CONVERSION = YES;
				CLANG_WARN_INFINITE_RECURSION = YES;
				CLANG_WARN_INT_CONVERSION = YES;
				CLANG_WARN_NON_LITERAL_NULL_CONVERSION = YES;
				CLANG_WARN_OBJC_IMPLICIT_RETAIN_SELF = YES;
				CLANG_WARN_OBJC_LITERAL_CONVERSION = YES;
				CLANG_WARN_OBJC_ROOT_CLASS = YES_ERROR;
				CLANG_WARN_QUOTED_INCLUDE_IN_FRAMEWORK_HEADER = YES;
				CLANG_WARN_RANGE_LOOP_ANALYSIS = YES;
				CLANG_WARN_STRICT_PROTOTYPES = YES;
				CLANG_WARN_SUSPICIOUS_MOVE = YES;
				CLANG_WARN_UNGUARDED_AVAILABILITY = YES_AGGRESSIVE;
				CLANG_WARN_UNREACHABLE_CODE = YES;
				CLANG_WARN__DUPLICATE_METHOD_MATCH = YES;
				COPY_PHASE_STRIP = NO;
				DEBUG_INFORMATION_FORMAT = "dwarf-with-dsym";
				ENABLE_NS_ASSERTIONS = NO;
				ENABLE_STRICT_OBJC_MSGSEND = YES;
				ENABLE_USER_SCRIPT_SANDBOXING = YES;
				GCC_C_LANGUAGE_STANDARD = gnu17;
				GCC_NO_COMMON_BLOCKS = YES;
				GCC_WARN_64_TO_32_BIT_CONVERSION = YES;
				GCC_WARN_ABOUT_RETURN_TYPE = YES_ERROR;
				GCC_WARN_UNDECLARED_SELECTOR = YES;
				GCC_WARN_UNINITIALIZED_AUTOS = YES_AGGRESSIVE;
				GCC_WARN_UNUSED_FUNCTION = YES;
				GCC_WARN_UNUSED_VARIABLE = YES;
				IPHONEOS_DEPLOYMENT_TARGET = 18.1;
				LOCALIZATION_PREFERS_STRING_CATALOGS = YES;
				MTL_ENABLE_DEBUG_INFO = NO;
				MTL_FAST_MATH = YES;
				SDKROOT = iphoneos;
				SWIFT_COMPILATION_MODE = wholemodule;
				VALIDATE_PRODUCT = YES;
			};
			name = Release;
		};
		55A4915B2D0572F000554490 /* Debug */ = {
			isa = XCBuildConfiguration;
			buildSettings = {
				ASSETCATALOG_COMPILER_APPICON_NAME = AppIcon;
				ASSETCATALOG_COMPILER_GLOBAL_ACCENT_COLOR_NAME = AccentColor;
				CODE_SIGN_STYLE = Automatic;
				CURRENT_PROJECT_VERSION = 1;
				DEVELOPMENT_ASSET_PATHS = "\"iOS Spotify Assignment/Preview Content\"";
				DEVELOPMENT_TEAM = B7QCMTG2HX;
				ENABLE_PREVIEWS = YES;
				GENERATE_INFOPLIST_FILE = YES;
				INFOPLIST_KEY_UIApplicationSceneManifest_Generation = YES;
				INFOPLIST_KEY_UIApplicationSupportsIndirectInputEvents = YES;
				INFOPLIST_KEY_UILaunchScreen_Generation = YES;
				INFOPLIST_KEY_UISupportedInterfaceOrientations_iPad = "UIInterfaceOrientationPortrait UIInterfaceOrientationPortraitUpsideDown UIInterfaceOrientationLandscapeLeft UIInterfaceOrientationLandscapeRight";
				INFOPLIST_KEY_UISupportedInterfaceOrientations_iPhone = "UIInterfaceOrientationPortrait UIInterfaceOrientationLandscapeLeft UIInterfaceOrientationLandscapeRight";
				LD_RUNPATH_SEARCH_PATHS = (
					"$(inherited)",
					"@executable_path/Frameworks",
				);
				MARKETING_VERSION = 1.0;
				PRODUCT_BUNDLE_IDENTIFIER = "swapnil.iOS-Spotify-Assignment";
				PRODUCT_NAME = "$(TARGET_NAME)";
				SWIFT_EMIT_LOC_STRINGS = YES;
				SWIFT_VERSION = 5.0;
				TARGETED_DEVICE_FAMILY = "1,2";
			};
			name = Debug;
		};
		55A4915C2D0572F000554490 /* Release */ = {
			isa = XCBuildConfiguration;
			buildSettings = {
				ASSETCATALOG_COMPILER_APPICON_NAME = AppIcon;
				ASSETCATALOG_COMPILER_GLOBAL_ACCENT_COLOR_NAME = AccentColor;
				CODE_SIGN_STYLE = Automatic;
				CURRENT_PROJECT_VERSION = 1;
				DEVELOPMENT_ASSET_PATHS = "\"iOS Spotify Assignment/Preview Content\"";
				DEVELOPMENT_TEAM = B7QCMTG2HX;
				ENABLE_PREVIEWS = YES;
				GENERATE_INFOPLIST_FILE = YES;
				INFOPLIST_KEY_UIApplicationSceneManifest_Generation = YES;
				INFOPLIST_KEY_UIApplicationSupportsIndirectInputEvents = YES;
				INFOPLIST_KEY_UILaunchScreen_Generation = YES;
				INFOPLIST_KEY_UISupportedInterfaceOrientations_iPad = "UIInterfaceOrientationPortrait UIInterfaceOrientationPortraitUpsideDown UIInterfaceOrientationLandscapeLeft UIInterfaceOrientationLandscapeRight";
				INFOPLIST_KEY_UISupportedInterfaceOrientations_iPhone = "UIInterfaceOrientationPortrait UIInterfaceOrientationLandscapeLeft UIInterfaceOrientationLandscapeRight";
				LD_RUNPATH_SEARCH_PATHS = (
					"$(inherited)",
					"@executable_path/Frameworks",
				);
				MARKETING_VERSION = 1.0;
				PRODUCT_BUNDLE_IDENTIFIER = "swapnil.iOS-Spotify-Assignment";
				PRODUCT_NAME = "$(TARGET_NAME)";
				SWIFT_EMIT_LOC_STRINGS = YES;
				SWIFT_VERSION = 5.0;
				TARGETED_DEVICE_FAMILY = "1,2";
			};
			name = Release;
		};
		55A4915E2D0572F000554490 /* Debug */ = {
			isa = XCBuildConfiguration;
			buildSettings = {
				BUNDLE_LOADER = "$(TEST_HOST)";
				CODE_SIGN_STYLE = Automatic;
				CURRENT_PROJECT_VERSION = 1;
				DEVELOPMENT_TEAM = B7QCMTG2HX;
				GENERATE_INFOPLIST_FILE = YES;
				IPHONEOS_DEPLOYMENT_TARGET = 18.1;
				MARKETING_VERSION = 1.0;
				PRODUCT_BUNDLE_IDENTIFIER = "swapnil.iOS-Spotify-AssignmentTests";
				PRODUCT_NAME = "$(TARGET_NAME)";
				SWIFT_EMIT_LOC_STRINGS = NO;
				SWIFT_VERSION = 5.0;
				TARGETED_DEVICE_FAMILY = "1,2";
				TEST_HOST = "$(BUILT_PRODUCTS_DIR)/iOS Spotify Assignment.app/$(BUNDLE_EXECUTABLE_FOLDER_PATH)/iOS Spotify Assignment";
			};
			name = Debug;
		};
		55A4915F2D0572F000554490 /* Release */ = {
			isa = XCBuildConfiguration;
			buildSettings = {
				BUNDLE_LOADER = "$(TEST_HOST)";
				CODE_SIGN_STYLE = Automatic;
				CURRENT_PROJECT_VERSION = 1;
				DEVELOPMENT_TEAM = B7QCMTG2HX;
				GENERATE_INFOPLIST_FILE = YES;
				IPHONEOS_DEPLOYMENT_TARGET = 18.1;
				MARKETING_VERSION = 1.0;
				PRODUCT_BUNDLE_IDENTIFIER = "swapnil.iOS-Spotify-AssignmentTests";
				PRODUCT_NAME = "$(TARGET_NAME)";
				SWIFT_EMIT_LOC_STRINGS = NO;
				SWIFT_VERSION = 5.0;
				TARGETED_DEVICE_FAMILY = "1,2";
				TEST_HOST = "$(BUILT_PRODUCTS_DIR)/iOS Spotify Assignment.app/$(BUNDLE_EXECUTABLE_FOLDER_PATH)/iOS Spotify Assignment";
			};
			name = Release;
		};
		55A491612D0572F000554490 /* Debug */ = {
			isa = XCBuildConfiguration;
			buildSettings = {
				CODE_SIGN_STYLE = Automatic;
				CURRENT_PROJECT_VERSION = 1;
				DEVELOPMENT_TEAM = B7QCMTG2HX;
				GENERATE_INFOPLIST_FILE = YES;
				MARKETING_VERSION = 1.0;
				PRODUCT_BUNDLE_IDENTIFIER = "swapnil.iOS-Spotify-AssignmentUITests";
				PRODUCT_NAME = "$(TARGET_NAME)";
				SWIFT_EMIT_LOC_STRINGS = NO;
				SWIFT_VERSION = 5.0;
				TARGETED_DEVICE_FAMILY = "1,2";
				TEST_TARGET_NAME = "iOS Spotify Assignment";
			};
			name = Debug;
		};
		55A491622D0572F000554490 /* Release */ = {
			isa = XCBuildConfiguration;
			buildSettings = {
				CODE_SIGN_STYLE = Automatic;
				CURRENT_PROJECT_VERSION = 1;
				DEVELOPMENT_TEAM = B7QCMTG2HX;
				GENERATE_INFOPLIST_FILE = YES;
				MARKETING_VERSION = 1.0;
				PRODUCT_BUNDLE_IDENTIFIER = "swapnil.iOS-Spotify-AssignmentUITests";
				PRODUCT_NAME = "$(TARGET_NAME)";
				SWIFT_EMIT_LOC_STRINGS = NO;
				SWIFT_VERSION = 5.0;
				TARGETED_DEVICE_FAMILY = "1,2";
				TEST_TARGET_NAME = "iOS Spotify Assignment";
			};
			name = Release;
		};
/* End XCBuildConfiguration section */

/* Begin XCConfigurationList section */
		55A491312D0572ED00554490 /* Build configuration list for PBXProject "iOS Spotify Assignment" */ = {
			isa = XCConfigurationList;
			buildConfigurations = (
				55A491582D0572F000554490 /* Debug */,
				55A491592D0572F000554490 /* Release */,
			);
			defaultConfigurationIsVisible = 0;
			defaultConfigurationName = Release;
		};
		55A4915A2D0572F000554490 /* Build configuration list for PBXNativeTarget "iOS Spotify Assignment" */ = {
			isa = XCConfigurationList;
			buildConfigurations = (
				55A4915B2D0572F000554490 /* Debug */,
				55A4915C2D0572F000554490 /* Release */,
			);
			defaultConfigurationIsVisible = 0;
			defaultConfigurationName = Release;
		};
		55A4915D2D0572F000554490 /* Build configuration list for PBXNativeTarget "iOS Spotify AssignmentTests" */ = {
			isa = XCConfigurationList;
			buildConfigurations = (
				55A4915E2D0572F000554490 /* Debug */,
				55A4915F2D0572F000554490 /* Release */,
			);
			defaultConfigurationIsVisible = 0;
			defaultConfigurationName = Release;
		};
		55A491602D0572F000554490 /* Build configuration list for PBXNativeTarget "iOS Spotify AssignmentUITests" */ = {
			isa = XCConfigurationList;
			buildConfigurations = (
				55A491612D0572F000554490 /* Debug */,
				55A491622D0572F000554490 /* Release */,
			);
			defaultConfigurationIsVisible = 0;
			defaultConfigurationName = Release;
		};
/* End XCConfigurationList section */
	};
	rootObject = 55A4912E2D0572ED00554490 /* Project object */;
}
